version = 1
revision = 3
requires-python = "==3.12.*"

[[package]]
name = "colorama"
version = "0.4.6"
source = { registry = "https://pypi.org/simple" }
sdist = { url = "https://files.pythonhosted.org/packages/d8/53/6f443c9a4a8358a93a6792e2acffb9d9d5cb0a5cfd8802644b7b1c9a02e4/colorama-0.4.6.tar.gz", hash = "sha256:08695f5cb7ed6e0531a20572697297273c47b8cae5a63ffc6d6ed5c201be6e44", size = 27697, upload-time = "2022-10-25T02:36:22.414Z" }
wheels = [
    { url = "https://files.pythonhosted.org/packages/d1/d6/3965ed04c63042e047cb6a3e6ed1a63a35087b6a609aa3a15ed8ac56c221/colorama-0.4.6-py2.py3-none-any.whl", hash = "sha256:4f1d9991f5acc0ca119f9d443620b77f9d6b33703e51011c16baf57afb285fc6", size = 25335, upload-time = "2022-10-25T02:36:20.889Z" },
]

[[package]]
name = "llvmlite"
version = "0.48.0"
source = { registry = "https://pypi.org/simple" }
sdist = { url = "https://files.pythonhosted.org/packages/dc/a0/acc8ffcd5bdc63df0097e22c719bfcd61b604358343089313a8aebbb24ab/llvmlite-0.48.0.tar.gz", hash = "sha256:543b19f9ef8f3c7c60d1468191e4ee1b1537bf9f8a3d56f64c0ddd98de92edd2", size = 184016, upload-time = "2026-07-02T20:20:05.308Z" }
wheels = [
    { url = "https://files.pythonhosted.org/packages/92/a2/28696a9e61e245d1a79816d29d106692a90a2b6e7d78c98b326db70827af/llvmlite-0.48.0-cp312-cp312-macosx_12_0_arm64.whl", hash = "sha256:d66c3beb4209087ddd4cf4ed2a0856b6887e6a913bdcf1aacfec9851cf2cba4e", size = 40480651, upload-time = "2026-07-01T18:41:35.694Z" },
    { url = "https://files.pythonhosted.org/packages/80/f2/72409351db66d0a317ec5087e076f31fb7b773a640db8a90ce6b5cac9edd/llvmlite-0.48.0-cp312-cp312-manylinux2014_x86_64.manylinux_2_17_x86_64.whl", hash = "sha256:416fa4c2c66c2c6dc6d0a402648c19206e548efa0aa1eff01ad5cdad0af8217d", size = 59890118, upload-time = "2026-07-01T18:41:44.886Z" },
    { url = "https://files.pythonhosted.org/packages/3a/27/5ae2f3722606360480707adb47f001ad89df8251d06b14ee80336e660b66/llvmlite-0.48.0-cp312-cp312-manylinux_2_27_aarch64.manylinux_2_28_aarch64.whl", hash = "sha256:f5e5a5131045b72345c71062ea1a91910dde913792b6c9b28ebb2c1c0a712e98", size = 58343459, upload-time = "2026-07-01T18:41:40.306Z" },
    { url = "https://files.pythonhosted.org/packages/16/78/d824ffff7521cd140dc2006e44ce2bc82e64b48d1b32e90e956308c85a74/llvmlite-0.48.0-cp312-cp312-win_amd64.whl", hash = "sha256:d45c7541a80934ec6d8ab0defe67439494ecd2193cbf852a44ba827808976ac1", size = 41865022, upload-time = "2026-07-01T18:41:48.663Z" },
]

[[package]]
name = "numba"
version = "0.66.0"
source = { registry = "https://pypi.org/simple" }
dependencies = [
    { name = "llvmlite" },
    { name = "numpy" },
]
sdist = { url = "https://files.pythonhosted.org/packages/ae/a0/570e3dc53e5602b49108f62a13e529f1eec8bfc7ef37d49c825924dcf546/numba-0.66.0.tar.gz", hash = "sha256:b900e63a0e26c05ea9a6d5a3a5a0a177cb64c5011887bf43edb8c3ed2c38d363", size = 2806181, upload-time = "2026-07-01T23:12:46.36Z" }
wheels = [
    { url = "https://files.pythonhosted.org/packages/62/a3/70deb7f88461c1cd5d16aa990c2380604102661a427667b8950dcdccc27f/numba-0.66.0-cp312-cp312-macosx_12_0_arm64.whl", hash = "sha256:53ca5900b7cab15109796030113a6b28576bae5ad7bb507ad6dd1360ddd81ba4", size = 2727264, upload-time = "2026-07-01T23:12:18.669Z" },
    { url = "https://files.pythonhosted.org/packages/2d/55/25c319845e9a4e08f16611ddbda56a192eb7b6ed13e1a2bff2da272ffb97/numba-0.66.0-cp312-cp312-manylinux2014_x86_64.manylinux_2_17_x86_64.whl", hash = "sha256:0999e3ee1b18c48e1fb51d11af35ef59852c7f4f50569c9550c25faef0616ad1", size = 3866252, upload-time = "2026-07-01T23:12:20.429Z" },
    { url = "https://files.pythonhosted.org/packages/71/ef/a82d6fd6bf1b0fe461651e924d3647eeec9ac17f8eee4896264bf7480930/numba-0.66.0-cp312-cp312-manylinux_2_27_aarch64.manylinux_2_28_aarch64.whl", hash = "sha256:efe0d2d5099790df945e0cb6e1b3104bd965d7bbfac50d62f1d5d1d6ade0825d", size = 3566974, upload-time = "2026-07-01T23:12:22.116Z" },
    { url = "https://files.pythonhosted.org/packages/fc/eb/9e6171e378822ab191c7abcfd3d8cfc8644516f6c7834c22e210e4acc070/numba-0.66.0-cp312-cp312-win_amd64.whl", hash = "sha256:b075a4e7ebc43dc6294f223e2821659656209fd5e0ce53245877c23d66d6e1a9", size = 2797403, upload-time = "2026-07-01T23:12:23.724Z" },
]

[[package]]
name = "numpy"
version = "2.4.6"
source = { registry = "https://pypi.org/simple" }
sdist = { url = "https://files.pythonhosted.org/packages/d0/ad/fed0499ce6a338d2a03ebae59cd15093910c8875328855781952abf6c2fe/numpy-2.4.6.tar.gz", hash = "sha256:f3a3570c4a2a16746ac2c31a7c7c7b0c186b95ce902e33db6f28094ed7387dda", size = 20735807, upload-time = "2026-05-18T23:37:14.07Z" }
wheels = [
    { url = "https://files.pythonhosted.org/packages/95/2a/3d7b5ac8aac24feaf9ad7ed58f45b0bbc06d37e4338ae84c9f2298b570f9/numpy-2.4.6-cp312-cp312-macosx_10_13_x86_64.whl", hash = "sha256:001fbb8e08d942dd57599e781f2472269ee7f2755fae407b4f67b2f0b17da3f1", size = 16689119, upload-time = "2026-05-18T23:33:54.065Z" },
    { url = "https://files.pythonhosted.org/packages/ea/12/92c4c131527599e8288d6918e888d88726f84d805d784b771f32408aeaef/numpy-2.4.6-cp312-cp312-macosx_11_0_arm64.whl", hash = "sha256:ebfb099f8dcf083deef3ac1ca4c1503f387cf76296fcb3816b66f5ecb5f54fdb", size = 14699246, upload-time = "2026-05-18T23:33:57.621Z" },
    { url = "https://files.pythonhosted.org/packages/ad/fe/c0a6b7b2ca128a8fb228575147073b660656734b8ebe4d76c8fd748dcc79/numpy-2.4.6-cp312-cp312-macosx_14_0_arm64.whl", hash = "sha256:3213d622a0283a39a93d188f3cf72b26862df52fbb4ca3697f51705016523d41", size = 5204410, upload-time = "2026-05-18T23:34:00.302Z" },
    { url = "https://files.pythonhosted.org/packages/f3/d4/9770d14ba719432bb90a421bfd443872ed0f70f7264b64bec12ea363d5fd/numpy-2.4.6-cp312-cp312-macosx_14_0_x86_64.whl", hash = "sha256:357cc07a6d7b0b182ff02249616a03742827ebb1277546b5c7cd7f7620a45698", size = 6551240, upload-time = "2026-05-18T23:34:02.852Z" },
    { url = "https://files.pythonhosted.org/packages/c9/c6/50a46a6205feba2343f1d6d17438107c5dc491ed1c736e6ea68689fd906b/numpy-2.4.6-cp312-cp312-manylinux_2_27_aarch64.manylinux_2_28_aarch64.whl", hash = "sha256:5f9fb9157b4ce2971008323afe46053787b526ef624fea915b261468a8421a0f", size = 15671012, upload-time = "2026-05-18T23:34:05.485Z" },
    { url = "https://files.pythonhosted.org/packages/99/60/14115e6364fa676c5397c2ad3004e527e9aa487abf5d0706ec81bbd08529/numpy-2.4.6-cp312-cp312-manylinux_2_27_x86_64.manylinux_2_28_x86_64.whl", hash = "sha256:90f9849678c75fe7afa2d348ac842c168b0a4d3d61919687216dfc547976d853", size = 16645538, upload-time = "2026-05-18T23:34:09.265Z" },
    { url = "https://files.pythonhosted.org/packages/ae/c5/693cbe59e57db94d2231fa519ca3978dc9e19da5a8f088588f5c6e947ff2/numpy-2.4.6-cp312-cp312-musllinux_1_2_aarch64.whl", hash = "sha256:c1a2af6c6ef86344a6b0db6b97834208bf598db514f2b155042439b62605601a", size = 17020706, upload-time = "2026-05-18T23:34:13.053Z" },
    { url = "https://files.pythonhosted.org/packages/ef/fc/85b7c4eff9b4966ade25c2273cf7e7012e92366c032058653934b37de044/numpy-2.4.6-cp312-cp312-musllinux_1_2_x86_64.whl", hash = "sha256:e5805d5a22fd19c8ccff10a9561f9df94436b0545619ea579db2d3c35294bce2", size = 18368541, upload-time = "2026-05-18T23:34:17.024Z" },
    { url = "https://files.pythonhosted.org/packages/f6/81/e1b27545deedce7f4a0b348618c6b62d74e36a4dc9ccd42f3eb2f85eee32/numpy-2.4.6-cp312-cp312-win32.whl", hash = "sha256:e3eeb0aabd6bd5ce64faae67e9935203a6991b4bc2a485a767fbafb2c5125f45", size = 5962825, upload-time = "2026-05-18T23:34:20.3Z" },
    { url = "https://files.pythonhosted.org/packages/ab/ca/feab00bd44aa5fe1ad2c18f08b4d3bb92e26484b0b1d1443897809ed528c/numpy-2.4.6-cp312-cp312-win_amd64.whl", hash = "sha256:d8e8286dd7cea7895157318d1b91cdacac64c479f3cbc8dce548331728484751", size = 12321687, upload-time = "2026-05-18T23:34:23.095Z" },
    { url = "https://files.pythonhosted.org/packages/63/cf/5a6d34850a39d1093558564f77ee8e8e0bee5061151b8f05a55711001ec7/numpy-2.4.6-cp312-cp312-win_arm64.whl", hash = "sha256:4081eb135ac24158bd51cdfbef16f1c64df7063b1143f24731387137c092bec8", size = 10221482, upload-time = "2026-05-18T23:34:25.876Z" },
]

[[package]]
name = "pulseq-matlab-parity"
version = "0.0.0"
source = { virtual = "." }
dependencies = [
    { name = "numpy" },
    { name = "scipy" },
    { name = "sigpy" },
]

[package.metadata]
requires-dist = [
    { name = "numpy", specifier = "==2.4.6" },
    { name = "scipy", specifier = "==1.18.0" },
    { name = "sigpy", specifier = "==0.1.27" },
]

[[package]]
name = "pywavelets"
version = "1.9.0"
source = { registry = "https://pypi.org/simple" }
dependencies = [
    { name = "numpy" },
]
sdist = { url = "https://files.pythonhosted.org/packages/5a/75/50581633d199812205ea8cdd0f6d52f12a624886b74bf1486335b67f01ff/pywavelets-1.9.0.tar.gz", hash = "sha256:148d12203377772bea452a59211d98649c8ee4a05eff019a9021853a36babdc8", size = 3938340, upload-time = "2025-08-04T16:20:04.978Z" }
wheels = [
    { url = "https://files.pythonhosted.org/packages/5c/37/3fda13fb2518fdd306528382d6b18c116ceafefff0a7dccd28f1034f4dd2/pywavelets-1.9.0-cp312-cp312-macosx_10_13_x86_64.whl", hash = "sha256:30baa0788317d3c938560c83fe4fc43817342d06e6c9662a440f73ba3fb25c9b", size = 4320835, upload-time = "2025-08-04T16:19:04.855Z" },
    { url = "https://files.pythonhosted.org/packages/36/65/a5549325daafc3eae4b52de076798839eaf529a07218f8fb18cccefe76a1/pywavelets-1.9.0-cp312-cp312-macosx_11_0_arm64.whl", hash = "sha256:df7436a728339696a7aa955c020ae65c85b0d9d2b5ff5b4cf4551f5d4c50f2c7", size = 4290469, upload-time = "2025-08-04T16:19:06.178Z" },
    { url = "https://files.pythonhosted.org/packages/05/85/901bb756d37dfa56baa26ef4a3577aecfe9c55f50f51366fede322f8c91d/pywavelets-1.9.0-cp312-cp312-manylinux_2_27_aarch64.manylinux_2_28_aarch64.whl", hash = "sha256:07b26526db2476974581274c43a9c2447c917418c6bd03c8d305ad2a5cd9fac3", size = 4437717, upload-time = "2025-08-04T16:19:07.514Z" },
    { url = "https://files.pythonhosted.org/packages/0f/34/0f54dd9c288941294898877008bcb5c07012340cc9c5db9cff1bd185d449/pywavelets-1.9.0-cp312-cp312-manylinux_2_27_x86_64.manylinux_2_28_x86_64.whl", hash = "sha256:573b650805d2f3c981a0e5ae95191c781a722022c37a0f6eba3fa7eae8e0ee17", size = 4483843, upload-time = "2025-08-04T16:19:08.857Z" },
    { url = "https://files.pythonhosted.org/packages/48/1f/cff6bb4ea64ff508d8cac3fe113c0aa95310a7446d9efa6829027cc2afdf/pywavelets-1.9.0-cp312-cp312-musllinux_1_2_aarch64.whl", hash = "sha256:3747ec804492436de6e99a7b6130480e53406d047e87dc7095ab40078a515a23", size = 4442236, upload-time = "2025-08-04T16:19:11.061Z" },
    { url = "https://files.pythonhosted.org/packages/ce/53/a3846eeefe0fb7ca63ae045f038457aa274989a15af793c1b824138caf98/pywavelets-1.9.0-cp312-cp312-musllinux_1_2_x86_64.whl", hash = "sha256:5163665686219c3f43fd5bbfef2391e87146813961dad0f86c62d4aed561f547", size = 4488077, upload-time = "2025-08-04T16:19:12.333Z" },
    { url = "https://files.pythonhosted.org/packages/f7/98/44852d2fe94455b72dece2db23562145179d63186a1c971125279a1c381f/pywavelets-1.9.0-cp312-cp312-win32.whl", hash = "sha256:80b8ab99f5326a3e724f71f23ba8b0a5b03e333fa79f66e965ea7bed21d42a2f", size = 4134094, upload-time = "2025-08-04T16:19:13.564Z" },
    { url = "https://files.pythonhosted.org/packages/2c/a7/0d9ee3fe454d606e0f5c8e3aebf99d2ecddbfb681826a29397729538c8f1/pywavelets-1.9.0-cp312-cp312-win_amd64.whl", hash = "sha256:92bfb8a117b8c8d3b72f2757a85395346fcbf37f50598880879ae72bd8e1c4b9", size = 4213900, upload-time = "2025-08-04T16:19:14.939Z" },
]

[[package]]
name = "scipy"
version = "1.18.0"
source = { registry = "https://pypi.org/simple" }
dependencies = [
    { name = "numpy" },
]
sdist = { url = "https://files.pythonhosted.org/packages/a7/25/c2700dfaf6442b4effaa91af24ebce5dc9d31bb4a69706313aae70d72cd0/scipy-1.18.0.tar.gz", hash = "sha256:67b2ad2ad54c72ca6d04975a9b2df8c3638c34ddd5b28738e94fc2b57929d378", size = 30774447, upload-time = "2026-06-19T15:01:43.456Z" }
wheels = [
    { url = "https://files.pythonhosted.org/packages/6a/19/ca10ead60b0acc80b2b833c2c4a4f2ff753d0f58b811f70d911c7e94a25c/scipy-1.18.0-cp312-cp312-macosx_10_15_x86_64.whl", hash = "sha256:7bd21faaf5a1a3b2eff922d02db5f191b99a6518db9078a8fb23169f6d22259a", size = 31056519, upload-time = "2026-06-19T14:59:45.203Z" },
    { url = "https://files.pythonhosted.org/packages/96/72/1e6442a00cd2924d361aa1b642ab6373ec35c6fabf311a760be9f76e0f13/scipy-1.18.0-cp312-cp312-macosx_12_0_arm64.whl", hash = "sha256:265915e79107de9f946b855e50d7470d5893ec3f54b342e1aa6201cbdcd8bb6b", size = 28681889, upload-time = "2026-06-19T14:59:48.103Z" },
    { url = "https://files.pythonhosted.org/packages/9b/2d/11dd93d21e147a73ba22bd75c0b9208d3a2e0ec76d53170ce7d9029b1015/scipy-1.18.0-cp312-cp312-macosx_14_0_arm64.whl", hash = "sha256:9ab7b758be6940954a713ee466e2043e9f6e2ed965c1fce5c91039f4be3d90a9", size = 20423580, upload-time = "2026-06-19T14:59:50.665Z" },
    { url = "https://files.pythonhosted.org/packages/9c/01/93552f75e0d2a7dd115a45e59209c51e8d514daff02fc887d2623be06fe1/scipy-1.18.0-cp312-cp312-macosx_14_0_x86_64.whl", hash = "sha256:97b6cddaaee0a779ef6b5ca83c9604b27cc16b2b8fc22c142652df8793319fb8", size = 23054441, upload-time = "2026-06-19T14:59:53.564Z" },
    { url = "https://files.pythonhosted.org/packages/3c/23/21f5e703643d66f21faa6b4c73195bfcad70c55efcb4f1ab327cd7c4101a/scipy-1.18.0-cp312-cp312-manylinux_2_27_aarch64.manylinux_2_28_aarch64.whl", hash = "sha256:52a96e21517c7292375c0e27dd796a811f03fcea5fd4d108fdfea8145dcf17ab", size = 33968720, upload-time = "2026-06-19T14:59:56.415Z" },
    { url = "https://files.pythonhosted.org/packages/dd/aa/1b939f6c67ed68635bb538e6752d3dacc02f66535182e939a89581a44e9c/scipy-1.18.0-cp312-cp312-manylinux_2_27_x86_64.manylinux_2_28_x86_64.whl", hash = "sha256:1f55797419e16e7f30cf88ffb3113ce0467f00cfe3f70d5c281730b21769bfc2", size = 35287115, upload-time = "2026-06-19T14:59:59.411Z" },
    { url = "https://files.pythonhosted.org/packages/b6/ff/eec46be7e9234208f801062b53e1983085eddebd693f6c9bfb03b459830d/scipy-1.18.0-cp312-cp312-musllinux_1_2_aarch64.whl", hash = "sha256:ad033410e2e0672ffdc1042110cef20e1c46f8fd0616cee1d44d8d58fad8fc11", size = 35577989, upload-time = "2026-06-19T15:00:02.235Z" },
    { url = "https://files.pythonhosted.org/packages/84/ca/210d4759c7210bb7d269437421959b39a33434e2776b60c5cb8a763bb30a/scipy-1.18.0-cp312-cp312-musllinux_1_2_x86_64.whl", hash = "sha256:4a55985d54c769c872e64b7f4c8a81cc30ef700cc04296abbbf3705439c126de", size = 37421717, upload-time = "2026-06-19T15:00:05.102Z" },
    { url = "https://files.pythonhosted.org/packages/2b/54/9a9edb45345bd6744da5ddfb6628e5d5185920494c6a67ec45b6381004cb/scipy-1.18.0-cp312-cp312-win_amd64.whl", hash = "sha256:71ccc8faa2dd16ac310233203474a8b5cb67f10dedd54a3116d34943f4b19132", size = 36597428, upload-time = "2026-06-19T15:00:08.112Z" },
    { url = "https://files.pythonhosted.org/packages/99/0e/33f32a2a58987e26aec0f7df252cbbad1e90ae77bdbc76f40dd4ed0cf0ea/scipy-1.18.0-cp312-cp312-win_arm64.whl", hash = "sha256:d88363fd9d8fbd3511bd273f1a49efb2a540773ddf92a91d57498ce7dd7f3e76", size = 24351481, upload-time = "2026-06-19T15:00:11.103Z" },
]

[[package]]
name = "sigpy"
version = "0.1.27"
source = { registry = "https://pypi.org/simple" }
dependencies = [
    { name = "numba" },
    { name = "numpy" },
    { name = "pywavelets" },
    { name = "scipy" },
    { name = "tqdm" },
]
sdist = { url = "https://files.pythonhosted.org/packages/fa/66/bc46bf6f03eb45bf937f67a180ad74cf77bf6c5905fb8b590ca59fd094b0/sigpy-0.1.27.tar.gz", hash = "sha256:559e660f75e325642a47f848e6bcbd19d979e90d221bc07892bd97434041b21a", size = 3053, upload-time = "2025-01-10T21:28:15.359Z" }
wheels = [
    { url = "https://files.pythonhosted.org/packages/76/5f/a3df50d3eb88419a07a8c5762c28289f76397a984e65619ef264c9d4b9a3/sigpy-0.1.27-1-py3-none-any.whl", hash = "sha256:e24cdceb0727ae9a8e0206c3d373b00152ee82f6cb01e033f6db38a296770806", size = 108660, upload-time = "2025-01-11T21:55:45.941Z" },
    { url = "https://files.pythonhosted.org/packages/d1/5d/e766856bba1593dafbbf718112969c3b656d79d4e943ca5dbfa2e4453e9c/sigpy-0.1.27-py3-none-any.whl", hash = "sha256:c0b2f2039ff2dc4497890f615e417860a14e40ee2c22b1fb2571ad7383e1c2c6", size = 1957, upload-time = "2025-01-10T21:28:13.38Z" },
]

[[package]]
name = "tqdm"
version = "4.68.4"
source = { registry = "https://pypi.org/simple" }
dependencies = [
    { name = "colorama", marker = "sys_platform == 'win32'" },
]
sdist = { url = "https://files.pythonhosted.org/packages/ae/5f/57ff8b434839e70dab45601284ea413e947a63799891b7553e5960a793a8/tqdm-4.68.4.tar.gz", hash = "sha256:19829c9673638f2a0b8617da4cdcb927e831cd88bcfcb6e78d42a4d1af131520", size = 792418, upload-time = "2026-07-07T09:58:18.369Z" }
wheels = [
    { url = "https://files.pythonhosted.org/packages/22/2a/5e5e750890ada51017d18d0d4c30da696e5b5bd3180947729927628fc3cb/tqdm-4.68.4-py3-none-any.whl", hash = "sha256:5168118b2368f48c561afda8020fd79195b1bdb0bdf8086b88442c267a315dc2", size = 676612, upload-time = "2026-07-07T09:58:16.256Z" },
]
